
Microsoft Visual Studio Solution File, Format Version 12.00
# Visual Studio Version 16
VisualStudioVersion = 16.0.30517.126
MinimumVisualStudioVersion = 10.0.40219.1
Project("{8BC9CEB8-8B4A-11D0-8D11-00A0C91BC942}") = "Project1", "Project1\Project1.vcxproj", "{1802D19E-A790-4BFA-AC4A-75EA9BE6148F}"
EndProject
Global
	GlobalSection(SolutionConfigurationPlatforms) = preSolution
		Debug|x64 = Debug|x64
		Debug|x86 = Debug|x86
		Release|x64 = Release|x64
		Release|x86 = Release|x86
	EndGlobalSection
	GlobalSection(ProjectConfigurationPlatforms) = postSolution
		{1802D19E-A790-4BFA-AC4A-75EA9BE6148F}.Debug|x64.ActiveCfg = Debug|x64
		{1802D19E-A790-4BFA-AC4A-75EA9BE6148F}.Debug|x64.Build.0 = Debug|x64
		{1802D19E-A790-4BFA-AC4A-75EA9BE6148F}.Debug|x86.ActiveCfg = Debug|Win32
		{1802D19E-A790-4BFA-AC4A-75EA9BE6148F}.Debug|x86.Build.0 = Debug|Win32
		{1802D19E-A790-4BFA-AC4A-75EA9BE6148F}.Release|x64.ActiveCfg = Release|x64
		{1802D19E-A790-4BFA-AC4A-75EA9BE6148F}.Release|x64.Build.0 = Release|x64
		{1802D19E-A790-4BFA-AC4A-75EA9BE6148F}.Release|x86.ActiveCfg = Release|Win32
		{1802D19E-A790-4BFA-AC4A-75EA9BE6148F}.Release|x86.Build.0 = Release|Win32
	EndGlobalSection
	GlobalSection(SolutionProperties) = preSolution
		HideSolutionNode = FALSE
	EndGlobalSection
	GlobalSection(ExtensibilityGlobals) = postSolution
		SolutionGuid = {5F83EC0D-DB95-4A0C-91AD-2D77CDA0204F}
	EndGlobalSection
EndGlobal
